
Microsoft Visual Studio Solution File, Format Version 12.00
# Visual Studio Version 17
VisualStudioVersion = 17.6.33723.286
MinimumVisualStudioVersion = 10.0.40219.1
Project("{FAE04EC0-301F-11D3-BF4B-00C04F79EFBC}") = "DulPager", "DulPager\DulPager.csproj", "{3F5097D4-50A0-495B-958D-8E0FD80E8B73}"
EndProject
Global
	GlobalSection(SolutionConfigurationPlatforms) = preSolution
		Debug|Any CPU = Debug|Any CPU
		Release|Any CPU = Release|Any CPU
	EndGlobalSection
	GlobalSection(ProjectConfigurationPlatforms) = postSolution
		{3F5097D4-50A0-495B-958D-8E0FD80E8B73}.Debug|Any CPU.ActiveCfg = Debug|Any CPU
		{3F5097D4-50A0-495B-958D-8E0FD80E8B73}.Debug|Any CPU.Build.0 = Debug|Any CPU
		{3F5097D4-50A0-495B-958D-8E0FD80E8B73}.Release|Any CPU.ActiveCfg = Release|Any CPU
		{3F5097D4-50A0-495B-958D-8E0FD80E8B73}.Release|Any CPU.Build.0 = Release|Any CPU
	EndGlobalSection
	GlobalSection(SolutionProperties) = preSolution
		HideSolutionNode = FALSE
	EndGlobalSection
	GlobalSection(ExtensibilityGlobals) = postSolution
		SolutionGuid = {E2B6F989-D973-46C2-9374-B18B902252E6}
	EndGlobalSection
EndGlobal
